
Microsoft Visual Studio Solution File, Format Version 12.00
# Visual Studio Version 16
VisualStudioVersion = 16.0.30804.86
MinimumVisualStudioVersion = 10.0.40219.1
Project("{F184B08F-C81C-45F6-A57F-5ABD9991F28F}") = "Shimizu_Project", "Shimizu_Project\Shimizu_Project.vbproj", "{41052166-FEC8-4FC2-91ED-321C2BE3C89B}"
EndProject
Global
	GlobalSection(SolutionConfigurationPlatforms) = preSolution
		Debug|Any CPU = Debug|Any CPU
		Release|Any CPU = Release|Any CPU
	EndGlobalSection
	GlobalSection(ProjectConfigurationPlatforms) = postSolution
		{41052166-FEC8-4FC2-91ED-321C2BE3C89B}.Debug|Any CPU.ActiveCfg = Debug|Any CPU
		{41052166-FEC8-4FC2-91ED-321C2BE3C89B}.Debug|Any CPU.Build.0 = Debug|Any CPU
		{41052166-FEC8-4FC2-91ED-321C2BE3C89B}.Release|Any CPU.ActiveCfg = Release|Any CPU
		{41052166-FEC8-4FC2-91ED-321C2BE3C89B}.Release|Any CPU.Build.0 = Release|Any CPU
	EndGlobalSection
	GlobalSection(SolutionProperties) = preSolution
		HideSolutionNode = FALSE
	EndGlobalSection
	GlobalSection(ExtensibilityGlobals) = postSolution
		SolutionGuid = {A23F9C5A-52CF-4F48-B9C4-EA854C1468F1}
	EndGlobalSection
EndGlobal
